// !$*UTF8*$!
{
	archiveVersion = 1;
	classes = {
	};
	objectVersion = 55;
	objects = {

/* Begin PBXBuildFile section */
		BC37A959282FFFD500DDA942 /* move.cpp in Sources */ = {isa = PBXBuildFile; fileRef = BC37A958282FFFD500DDA942 /* move.cpp */; };
		BC425844282D63D2008125F5 /* position.cpp in Sources */ = {isa = PBXBuildFile; fileRef = BC42583F282D62FB008125F5 /* position.cpp */; };
		BC425846282D649A008125F5 /* test.cpp in Sources */ = {isa = PBXBuildFile; fileRef = BC425845282D649A008125F5 /* test.cpp */; };
		BCE9F1AC2826B00100B45E5D /* main.cpp in Sources */ = {isa = PBXBuildFile; fileRef = BCE9F1AB2826B00100B45E5D /* main.cpp */; };
/* End PBXBuildFile section */

/* Begin PBXCopyFilesBuildPhase section */
		BCE9F1A62826B00100B45E5D /* CopyFiles */ = {
			isa = PBXCopyFilesBuildPhase;
			buildActionMask = 2147483647;
			dstPath = /usr/share/man/man1/;
			dstSubfolderSpec = 0;
			files = (
			);
			runOnlyForDeploymentPostprocessing = 1;
		};
/* End PBXCopyFilesBuildPhase section */

/* Begin PBXFileReference section */
		BC37A955282FF46C00DDA942 /* testMove.h */ = {isa = PBXFileReference; fileEncoding = 4; lastKnownFileType = sourcecode.c.h; name = testMove.h; path = "../../C++Files/testMove.h"; sourceTree = "<group>"; };
		BC37A956282FF53300DDA942 /* positionMock.h */ = {isa = PBXFileReference; lastKnownFileType = sourcecode.c.h; path = positionMock.h; sourceTree = "<group>"; };
		BC37A957282FF6DB00DDA942 /* move.h */ = {isa = PBXFileReference; lastKnownFileType = sourcecode.c.h; path = move.h; sourceTree = "<group>"; };
		BC37A958282FFFD500DDA942 /* move.cpp */ = {isa = PBXFileReference; lastKnownFileType = sourcecode.cpp.cpp; name = move.cpp; path = "../../C++Files/move.cpp"; sourceTree = "<group>"; };
		BC425838282D555F008125F5 /* testPosition.h */ = {isa = PBXFileReference; fileEncoding = 4; lastKnownFileType = sourcecode.c.h; name = testPosition.h; path = "../../C++Files/testPosition.h"; sourceTree = "<group>"; };
		BC425839282D5682008125F5 /* position.h */ = {isa = PBXFileReference; lastKnownFileType = sourcecode.c.h; name = position.h; path = "../../C++Files/position.h"; sourceTree = "<group>"; };
		BC42583F282D62FB008125F5 /* position.cpp */ = {isa = PBXFileReference; fileEncoding = 4; lastKnownFileType = sourcecode.cpp.cpp; name = position.cpp; path = "../../C++Files/position.cpp"; sourceTree = "<group>"; };
		BC425845282D649A008125F5 /* test.cpp */ = {isa = PBXFileReference; lastKnownFileType = sourcecode.cpp.cpp; name = test.cpp; path = "../../C++Files/test.cpp"; sourceTree = "<group>"; };
		BC425847282D6792008125F5 /* test.h */ = {isa = PBXFileReference; lastKnownFileType = sourcecode.c.h; name = test.h; path = "../../C++Files/test.h"; sourceTree = "<group>"; };
		BCE9F1A82826B00100B45E5D /* ChessUnitTests */ = {isa = PBXFileReference; explicitFileType = "compiled.mach-o.executable"; includeInIndex = 0; path = ChessUnitTests; sourceTree = BUILT_PRODUCTS_DIR; };
		BCE9F1AB2826B00100B45E5D /* main.cpp */ = {isa = PBXFileReference; lastKnownFileType = sourcecode.cpp.cpp; path = main.cpp; sourceTree = "<group>"; };
/* End PBXFileReference section */

/* Begin PBXFrameworksBuildPhase section */
		BCE9F1A52826B00100B45E5D /* Frameworks */ = {
			isa = PBXFrameworksBuildPhase;
			buildActionMask = 2147483647;
			files = (
			);
			runOnlyForDeploymentPostprocessing = 0;
		};
/* End PBXFrameworksBuildPhase section */

/* Begin PBXGroup section */
		BCE9F19F2826B00100B45E5D = {
			isa = PBXGroup;
			children = (
				BCE9F1AA2826B00100B45E5D /* ChessUnitTests */,
				BCE9F1A92826B00100B45E5D /* Products */,
			);
			sourceTree = "<group>";
		};
		BCE9F1A92826B00100B45E5D /* Products */ = {
			isa = PBXGroup;
			children = (
				BCE9F1A82826B00100B45E5D /* ChessUnitTests */,
			);
			name = Products;
			sourceTree = "<group>";
		};
		BCE9F1AA2826B00100B45E5D /* ChessUnitTests */ = {
			isa = PBXGroup;
			children = (
				BCE9F1AB2826B00100B45E5D /* main.cpp */,
				BC425845282D649A008125F5 /* test.cpp */,
				BC425847282D6792008125F5 /* test.h */,
				BC425838282D555F008125F5 /* testPosition.h */,
				BC425839282D5682008125F5 /* position.h */,
				BC37A955282FF46C00DDA942 /* testMove.h */,
				BC37A957282FF6DB00DDA942 /* move.h */,
				BC37A958282FFFD500DDA942 /* move.cpp */,
				BC37A956282FF53300DDA942 /* positionMock.h */,
				BC42583F282D62FB008125F5 /* position.cpp */,
			);
			path = ChessUnitTests;
			sourceTree = "<group>";
		};
/* End PBXGroup section */

/* Begin PBXNativeTarget section */
		BCE9F1A72826B00100B45E5D /* ChessUnitTests */ = {
			isa = PBXNativeTarget;
			buildConfigurationList = BCE9F1AF2826B00100B45E5D /* Build configuration list for PBXNativeTarget "ChessUnitTests" */;
			buildPhases = (
				BCE9F1A42826B00100B45E5D /* Sources */,
				BCE9F1A52826B00100B45E5D /* Frameworks */,
				BCE9F1A62826B00100B45E5D /* CopyFiles */,
			);
			buildRules = (
			);
			dependencies = (
			);
			name = ChessUnitTests;
			productName = ChessUnitTests;
			productReference = BCE9F1A82826B00100B45E5D /* ChessUnitTests */;
			productType = "com.apple.product-type.tool";
		};
/* End PBXNativeTarget section */

/* Begin PBXProject section */
		BCE9F1A02826B00100B45E5D /* Project object */ = {
			isa = PBXProject;
			attributes = {
				BuildIndependentTargetsInParallel = 1;
				LastUpgradeCheck = 1330;
				TargetAttributes = {
					BCE9F1A72826B00100B45E5D = {
						CreatedOnToolsVersion = 13.3.1;
					};
				};
			};
			buildConfigurationList = BCE9F1A32826B00100B45E5D /* Build configuration list for PBXProject "ChessUnitTests" */;
			compatibilityVersion = "Xcode 13.0";
			developmentRegion = en;
			hasScannedForEncodings = 0;
			knownRegions = (
				en,
				Base,
			);
			mainGroup = BCE9F19F2826B00100B45E5D;
			productRefGroup = BCE9F1A92826B00100B45E5D /* Products */;
			projectDirPath = "";
			projectRoot = "";
			targets = (
				BCE9F1A72826B00100B45E5D /* ChessUnitTests */,
			);
		};
/* End PBXProject section */

/* Begin PBXSourcesBuildPhase section */
		BCE9F1A42826B00100B45E5D /* Sources */ = {
			isa = PBXSourcesBuildPhase;
			buildActionMask = 2147483647;
			files = (
				BC37A959282FFFD500DDA942 /* move.cpp in Sources */,
				BC425844282D63D2008125F5 /* position.cpp in Sources */,
				BCE9F1AC2826B00100B45E5D /* main.cpp in Sources */,
				BC425846282D649A008125F5 /* test.cpp in Sources */,
			);
			runOnlyForDeploymentPostprocessing = 0;
		};
/* End PBXSourcesBuildPhase section */

/* Begin XCBuildConfiguration section */
		BCE9F1AD2826B00100B45E5D /* Debug */ = {
			isa = XCBuildConfiguration;
			buildSettings = {
				ALWAYS_SEARCH_USER_PATHS = NO;
				CLANG_ANALYZER_NONNULL = YES;
				CLANG_ANALYZER_NUMBER_OBJECT_CONVERSION = YES_AGGRESSIVE;
				CLANG_CXX_LANGUAGE_STANDARD = "gnu++17";
				CLANG_ENABLE_MODULES = YES;
				CLANG_ENABLE_OBJC_ARC = YES;
				CLANG_ENABLE_OBJC_WEAK = YES;
				CLANG_WARN_BLOCK_CAPTURE_AUTORELEASING = YES;
				CLANG_WARN_BOOL_CONVERSION = YES;
				CLANG_WARN_COMMA = YES;
				CLANG_WARN_CONSTANT_CONVERSION = YES;
				CLANG_WARN_DEPRECATED_OBJC_IMPLEMENTATIONS = YES;
				CLANG_WARN_DIRECT_OBJC_ISA_USAGE = YES_ERROR;
				CLANG_WARN_DOCUMENTATION_COMMENTS = YES;
				CLANG_WARN_EMPTY_BODY = YES;
				CLANG_WARN_ENUM_CONVERSION = YES;
				CLANG_WARN_INFINITE_RECURSION = YES;
				CLANG_WARN_INT_CONVERSION = YES;
				CLANG_WARN_NON_LITERAL_NULL_CONVERSION = YES;
				CLANG_WARN_OBJC_IMPLICIT_RETAIN_SELF = YES;
				CLANG_WARN_OBJC_LITERAL_CONVERSION = YES;
				CLANG_WARN_OBJC_ROOT_CLASS = YES_ERROR;
				CLANG_WARN_QUOTED_INCLUDE_IN_FRAMEWORK_HEADER = YES;
				CLANG_WARN_RANGE_LOOP_ANALYSIS = YES;
				CLANG_WARN_STRICT_PROTOTYPES = YES;
				CLANG_WARN_SUSPICIOUS_MOVE = YES;
				CLANG_WARN_UNGUARDED_AVAILABILITY = YES_AGGRESSIVE;
				CLANG_WARN_UNREACHABLE_CODE = YES;
				CLANG_WARN__DUPLICATE_METHOD_MATCH = YES;
				COPY_PHASE_STRIP = NO;
				DEBUG_INFORMATION_FORMAT = dwarf;
				ENABLE_STRICT_OBJC_MSGSEND = YES;
				ENABLE_TESTABILITY = YES;
				GCC_C_LANGUAGE_STANDARD = gnu11;
				GCC_DYNAMIC_NO_PIC = NO;
				GCC_NO_COMMON_BLOCKS = YES;
				GCC_OPTIMIZATION_LEVEL = 0;
				GCC_PREPROCESSOR_DEFINITIONS = (
					"DEBUG=1",
					"$(inherited)",
				);
				GCC_WARN_64_TO_32_BIT_CONVERSION = YES;
				GCC_WARN_ABOUT_RETURN_TYPE = YES_ERROR;
				GCC_WARN_UNDECLARED_SELECTOR = YES;
				GCC_WARN_UNINITIALIZED_AUTOS = YES_AGGRESSIVE;
				GCC_WARN_UNUSED_FUNCTION = YES;
				GCC_WARN_UNUSED_VARIABLE = YES;
				MACOSX_DEPLOYMENT_TARGET = 12.0;
				MTL_ENABLE_DEBUG_INFO = INCLUDE_SOURCE;
				MTL_FAST_MATH = YES;
				ONLY_ACTIVE_ARCH = YES;
				SDKROOT = macosx;
			};
			name = Debug;
		};
		BCE9F1AE2826B00100B45E5D /* Release */ = {
			isa = XCBuildConfiguration;
			buildSettings = {
				ALWAYS_SEARCH_USER_PATHS = NO;
				CLANG_ANALYZER_NONNULL = YES;
				CLANG_ANALYZER_NUMBER_OBJECT_CONVERSION = YES_AGGRESSIVE;
				CLANG_CXX_LANGUAGE_STANDARD = "gnu++17";
				CLANG_ENABLE_MODULES = YES;
				CLANG_ENABLE_OBJC_ARC = YES;
				CLANG_ENABLE_OBJC_WEAK = YES;
				CLANG_WARN_BLOCK_CAPTURE_AUTORELEASING = YES;
				CLANG_WARN_BOOL_CONVERSION = YES;
				CLANG_WARN_COMMA = YES;
				CLANG_WARN_CONSTANT_CONVERSION = YES;
				CLANG_WARN_DEPRECATED_OBJC_IMPLEMENTATIONS = YES;
				CLANG_WARN_DIRECT_OBJC_ISA_USAGE = YES_ERROR;
				CLANG_WARN_DOCUMENTATION_COMMENTS = YES;
				CLANG_WARN_EMPTY_BODY = YES;
				CLANG_WARN_ENUM_CONVERSION = YES;
				CLANG_WARN_INFINITE_RECURSION = YES;
				CLANG_WARN_INT_CONVERSION = YES;
				CLANG_WARN_NON_LITERAL_NULL_CONVERSION = YES;
				CLANG_WARN_OBJC_IMPLICIT_RETAIN_SELF = YES;
				CLANG_WARN_OBJC_LITERAL_CONVERSION = YES;
				CLANG_WARN_OBJC_ROOT_CLASS = YES_ERROR;
				CLANG_WARN_QUOTED_INCLUDE_IN_FRAMEWORK_HEADER = YES;
				CLANG_WARN_RANGE_LOOP_ANALYSIS = YES;
				CLANG_WARN_STRICT_PROTOTYPES = YES;
				CLANG_WARN_SUSPICIOUS_MOVE = YES;
				CLANG_WARN_UNGUARDED_AVAILABILITY = YES_AGGRESSIVE;
				CLANG_WARN_UNREACHABLE_CODE = YES;
				CLANG_WARN__DUPLICATE_METHOD_MATCH = YES;
				COPY_PHASE_STRIP = NO;
				DEBUG_INFORMATION_FORMAT = "dwarf-with-dsym";
				ENABLE_NS_ASSERTIONS = NO;
				ENABLE_STRICT_OBJC_MSGSEND = YES;
				GCC_C_LANGUAGE_STANDARD = gnu11;
				GCC_NO_COMMON_BLOCKS = YES;
				GCC_WARN_64_TO_32_BIT_CONVERSION = YES;
				GCC_WARN_ABOUT_RETURN_TYPE = YES_ERROR;
				GCC_WARN_UNDECLARED_SELECTOR = YES;
				GCC_WARN_UNINITIALIZED_AUTOS = YES_AGGRESSIVE;
				GCC_WARN_UNUSED_FUNCTION = YES;
				GCC_WARN_UNUSED_VARIABLE = YES;
				MACOSX_DEPLOYMENT_TARGET = 12.0;
				MTL_ENABLE_DEBUG_INFO = NO;
				MTL_FAST_MATH = YES;
				SDKROOT = macosx;
			};
			name = Release;
		};
		BCE9F1B02826B00100B45E5D /* Debug */ = {
			isa = XCBuildConfiguration;
			buildSettings = {
				CODE_SIGN_STYLE = Automatic;
				DEVELOPMENT_TEAM = H8MN7J4B2N;
				ENABLE_HARDENED_RUNTIME = YES;
				PRODUCT_NAME = "$(TARGET_NAME)";
			};
			name = Debug;
		};
		BCE9F1B12826B00100B45E5D /* Release */ = {
			isa = XCBuildConfiguration;
			buildSettings = {
				CODE_SIGN_STYLE = Automatic;
				DEVELOPMENT_TEAM = H8MN7J4B2N;
				ENABLE_HARDENED_RUNTIME = YES;
				PRODUCT_NAME = "$(TARGET_NAME)";
			};
			name = Release;
		};
/* End XCBuildConfiguration section */

/* Begin XCConfigurationList section */
		BCE9F1A32826B00100B45E5D /* Build configuration list for PBXProject "ChessUnitTests" */ = {
			isa = XCConfigurationList;
			buildConfigurations = (
				BCE9F1AD2826B00100B45E5D /* Debug */,
				BCE9F1AE2826B00100B45E5D /* Release */,
			);
			defaultConfigurationIsVisible = 0;
			defaultConfigurationName = Release;
		};
		BCE9F1AF2826B00100B45E5D /* Build configuration list for PBXNativeTarget "ChessUnitTests" */ = {
			isa = XCConfigurationList;
			buildConfigurations = (
				BCE9F1B02826B00100B45E5D /* Debug */,
				BCE9F1B12826B00100B45E5D /* Release */,
			);
			defaultConfigurationIsVisible = 0;
			defaultConfigurationName = Release;
		};
/* End XCConfigurationList section */
	};
	rootObject = BCE9F1A02826B00100B45E5D /* Project object */;
}
