// !$*UTF8*$!
{
	archiveVersion = 1;
	classes = {
	};
	objectVersion = 50;
	objects = {

/* Begin PBXBuildFile section */
		BC1AEA2027F5598500789A87 /* Simulator.cpp in Sources */ = {isa = PBXBuildFile; fileRef = BC1AEA1927F558FC00789A87 /* Simulator.cpp */; };
		BC1AEA2327F55B0A00789A87 /* Howitzer.cpp in Sources */ = {isa = PBXBuildFile; fileRef = BC1AEA1627F558E800789A87 /* Howitzer.cpp */; };
		BC1AEA2427F55B0E00789A87 /* ground.cpp in Sources */ = {isa = PBXBuildFile; fileRef = BC423DB527E4444400077690 /* ground.cpp */; };
		BC1AEA2527F55B1400789A87 /* uiDraw.cpp in Sources */ = {isa = PBXBuildFile; fileRef = BC423DB627E444C600077690 /* uiDraw.cpp */; };
		BC1AEA2627F55B1A00789A87 /* uiInteract.cpp in Sources */ = {isa = PBXBuildFile; fileRef = BC423DB727E444C600077690 /* uiInteract.cpp */; };
		BC1AEA2727F55B1F00789A87 /* velocity.cpp in Sources */ = {isa = PBXBuildFile; fileRef = BC1AEA1F27F5594800789A87 /* velocity.cpp */; };
		BC423DA327E440AD00077690 /* position.cpp in Sources */ = {isa = PBXBuildFile; fileRef = BC423D8C27E440AC00077690 /* position.cpp */; };
		BC423DA427E440AD00077690 /* projectile.cpp in Sources */ = {isa = PBXBuildFile; fileRef = BC423D9627E440AC00077690 /* projectile.cpp */; };
		BC423DA527E440AD00077690 /* base_lab08.cpp in Sources */ = {isa = PBXBuildFile; fileRef = BC423D9A27E440AC00077690 /* base_lab08.cpp */; };
		BC423DA727E440AD00077690 /* test.cpp in Sources */ = {isa = PBXBuildFile; fileRef = BC423DA027E440AD00077690 /* test.cpp */; };
		BC83A64827ECF3B00026F4A8 /* angle.cpp in Sources */ = {isa = PBXBuildFile; fileRef = BC0BAB1327EA1B3600CD0698 /* angle.cpp */; };
		BC83A64927ED06040026F4A8 /* vector2D.cpp in Sources */ = {isa = PBXBuildFile; fileRef = BC0BAB1427EA305700CD0698 /* vector2D.cpp */; };
		BC8854F027EF702200C1C3D6 /* gravity.cpp in Sources */ = {isa = PBXBuildFile; fileRef = BC8854EE27EF6FD300C1C3D6 /* gravity.cpp */; };
		BC8854F227EF736200C1C3D6 /* lookUp.cpp in Sources */ = {isa = PBXBuildFile; fileRef = BC8854F127EF734A00C1C3D6 /* lookUp.cpp */; };
		BC8854F527EF87CB00C1C3D6 /* airDensity.cpp in Sources */ = {isa = PBXBuildFile; fileRef = BC8854F427EF87BC00C1C3D6 /* airDensity.cpp */; };
		BC8854F727EF8C8F00C1C3D6 /* drag.cpp in Sources */ = {isa = PBXBuildFile; fileRef = BC8854F627EF8C3100C1C3D6 /* drag.cpp */; };
		BC8854F927EF8DEF00C1C3D6 /* mach.cpp in Sources */ = {isa = PBXBuildFile; fileRef = BC8854F827EF8DDE00C1C3D6 /* mach.cpp */; };
		C1D4EB482577FC25002B56E3 /* OpenGL.framework in Frameworks */ = {isa = PBXBuildFile; fileRef = C1D4EB462577FC25002B56E3 /* OpenGL.framework */; };
		C1D4EB492577FC25002B56E3 /* GLUT.framework in Frameworks */ = {isa = PBXBuildFile; fileRef = C1D4EB472577FC25002B56E3 /* GLUT.framework */; };
/* End PBXBuildFile section */

/* Begin PBXCopyFilesBuildPhase section */
		C1D4EB242577FB0F002B56E3 /* CopyFiles */ = {
			isa = PBXCopyFilesBuildPhase;
			buildActionMask = 2147483647;
			dstPath = /usr/share/man/man1/;
			dstSubfolderSpec = 0;
			files = (
			);
			runOnlyForDeploymentPostprocessing = 1;
		};
/* End PBXCopyFilesBuildPhase section */

/* Begin PBXFileReference section */
		BC0BAB1327EA1B3600CD0698 /* angle.cpp */ = {isa = PBXFileReference; lastKnownFileType = sourcecode.cpp.cpp; name = angle.cpp; path = "../Artillery Files/C++ Files/angle.cpp"; sourceTree = "<group>"; };
		BC0BAB1427EA305700CD0698 /* vector2D.cpp */ = {isa = PBXFileReference; lastKnownFileType = sourcecode.cpp.cpp; name = vector2D.cpp; path = "../Artillery Files/C++ Files/vector2D.cpp"; sourceTree = "<group>"; };
		BC0BAB1727EA6A0800CD0698 /* testAngle.h */ = {isa = PBXFileReference; lastKnownFileType = sourcecode.c.h; name = testAngle.h; path = "../Artillery Files/C++ Files/testAngle.h"; sourceTree = "<group>"; };
		BC0BAB1A27EABBC000CD0698 /* testVector2D.h */ = {isa = PBXFileReference; lastKnownFileType = sourcecode.c.h; name = testVector2D.h; path = "../Artillery Files/C++ Files/testVector2D.h"; sourceTree = "<group>"; };
		BC0BAB1B27EABE6100CD0698 /* vector2DMock.h */ = {isa = PBXFileReference; lastKnownFileType = sourcecode.c.h; name = vector2DMock.h; path = "../Artillery Files/C++ Files/vector2DMock.h"; sourceTree = "<group>"; };
		BC146F8327F7758B00C7D557 /* testAirDensity.h */ = {isa = PBXFileReference; lastKnownFileType = sourcecode.c.h; name = testAirDensity.h; path = "../Artillery Files/C++ Files/testAirDensity.h"; sourceTree = "<group>"; };
		BC146F8527F775BE00C7D557 /* testDrag.h */ = {isa = PBXFileReference; lastKnownFileType = sourcecode.c.h; name = testDrag.h; path = "../Artillery Files/C++ Files/testDrag.h"; sourceTree = "<group>"; };
		BC1AEA1627F558E800789A87 /* Howitzer.cpp */ = {isa = PBXFileReference; lastKnownFileType = sourcecode.cpp.cpp; name = Howitzer.cpp; path = "../Artillery Files/C++ Files/Howitzer.cpp"; sourceTree = "<group>"; };
		BC1AEA1727F558E800789A87 /* howitzer.h */ = {isa = PBXFileReference; lastKnownFileType = sourcecode.c.h; name = howitzer.h; path = "../Artillery Files/C++ Files/howitzer.h"; sourceTree = "<group>"; };
		BC1AEA1827F558FC00789A87 /* projectileMock.h */ = {isa = PBXFileReference; lastKnownFileType = sourcecode.c.h; name = projectileMock.h; path = "../Artillery Files/C++ Files/projectileMock.h"; sourceTree = "<group>"; };
		BC1AEA1927F558FC00789A87 /* Simulator.cpp */ = {isa = PBXFileReference; lastKnownFileType = sourcecode.cpp.cpp; name = Simulator.cpp; path = "../Artillery Files/C++ Files/Simulator.cpp"; sourceTree = "<group>"; };
		BC1AEA1A27F558FC00789A87 /* tableItem.h */ = {isa = PBXFileReference; lastKnownFileType = sourcecode.c.h; name = tableItem.h; path = "../Artillery Files/C++ Files/tableItem.h"; sourceTree = "<group>"; };
		BC1AEA1C27F5592100789A87 /* testAcceleration.h */ = {isa = PBXFileReference; lastKnownFileType = sourcecode.c.h; name = testAcceleration.h; path = "../Artillery Files/C++ Files/testAcceleration.h"; sourceTree = "<group>"; };
		BC1AEA1D27F5592E00789A87 /* testHowitzer.h */ = {isa = PBXFileReference; lastKnownFileType = sourcecode.c.h; name = testHowitzer.h; path = "../Artillery Files/C++ Files/testHowitzer.h"; sourceTree = "<group>"; };
		BC1AEA1E27F5593A00789A87 /* testVelocity.h */ = {isa = PBXFileReference; lastKnownFileType = sourcecode.c.h; name = testVelocity.h; path = "../Artillery Files/C++ Files/testVelocity.h"; sourceTree = "<group>"; };
		BC1AEA1F27F5594800789A87 /* velocity.cpp */ = {isa = PBXFileReference; lastKnownFileType = sourcecode.cpp.cpp; name = velocity.cpp; path = "../Artillery Files/C++ Files/velocity.cpp"; sourceTree = "<group>"; };
		BC1AEA2827F6428700789A87 /* key1Key2.h */ = {isa = PBXFileReference; lastKnownFileType = sourcecode.c.h; name = key1Key2.h; path = "../Artillery Files/C++ Files/key1Key2.h"; sourceTree = "<group>"; };
		BC423D8527E440AC00077690 /* test.h */ = {isa = PBXFileReference; fileEncoding = 4; lastKnownFileType = sourcecode.c.h; name = test.h; path = "../Artillery Files/C++ Files/test.h"; sourceTree = "<group>"; };
		BC423D8627E440AC00077690 /* angleMock.h */ = {isa = PBXFileReference; fileEncoding = 4; lastKnownFileType = sourcecode.c.h; name = angleMock.h; path = "../Artillery Files/C++ Files/angleMock.h"; sourceTree = "<group>"; };
		BC423D8727E440AC00077690 /* velocity.h */ = {isa = PBXFileReference; fileEncoding = 4; lastKnownFileType = sourcecode.c.h; name = velocity.h; path = "../Artillery Files/C++ Files/velocity.h"; sourceTree = "<group>"; };
		BC423D8827E440AC00077690 /* mach.h */ = {isa = PBXFileReference; fileEncoding = 4; lastKnownFileType = sourcecode.c.h; name = mach.h; path = "../Artillery Files/C++ Files/mach.h"; sourceTree = "<group>"; };
		BC423D8A27E440AC00077690 /* ground.h */ = {isa = PBXFileReference; fileEncoding = 4; lastKnownFileType = sourcecode.c.h; name = ground.h; path = "../Artillery Files/C++ Files/ground.h"; sourceTree = "<group>"; };
		BC423D8B27E440AC00077690 /* Lab08Sim.cpp */ = {isa = PBXFileReference; fileEncoding = 4; lastKnownFileType = sourcecode.cpp.cpp; name = Lab08Sim.cpp; path = "../Artillery Files/C++ Files/Lab08Sim.cpp"; sourceTree = "<group>"; };
		BC423D8C27E440AC00077690 /* position.cpp */ = {isa = PBXFileReference; fileEncoding = 4; lastKnownFileType = sourcecode.cpp.cpp; name = position.cpp; path = "../Artillery Files/C++ Files/position.cpp"; sourceTree = "<group>"; };
		BC423D8D27E440AC00077690 /* acceleration.h */ = {isa = PBXFileReference; fileEncoding = 4; lastKnownFileType = sourcecode.c.h; name = acceleration.h; path = "../Artillery Files/C++ Files/acceleration.h"; sourceTree = "<group>"; };
		BC423D9027E440AC00077690 /* position.h */ = {isa = PBXFileReference; fileEncoding = 4; lastKnownFileType = sourcecode.c.h; name = position.h; path = "../Artillery Files/C++ Files/position.h"; sourceTree = "<group>"; };
		BC423D9127E440AC00077690 /* gravity.h */ = {isa = PBXFileReference; fileEncoding = 4; lastKnownFileType = sourcecode.c.h; name = gravity.h; path = "../Artillery Files/C++ Files/gravity.h"; sourceTree = "<group>"; };
		BC423D9327E440AC00077690 /* projectile.h */ = {isa = PBXFileReference; fileEncoding = 4; lastKnownFileType = sourcecode.c.h; name = projectile.h; path = "../Artillery Files/C++ Files/projectile.h"; sourceTree = "<group>"; };
		BC423D9427E440AC00077690 /* uiInteract.h */ = {isa = PBXFileReference; fileEncoding = 4; lastKnownFileType = sourcecode.c.h; name = uiInteract.h; path = "../Artillery Files/C++ Files/uiInteract.h"; sourceTree = "<group>"; };
		BC423D9527E440AC00077690 /* airDensity.h */ = {isa = PBXFileReference; fileEncoding = 4; lastKnownFileType = sourcecode.c.h; name = airDensity.h; path = "../Artillery Files/C++ Files/airDensity.h"; sourceTree = "<group>"; };
		BC423D9627E440AC00077690 /* projectile.cpp */ = {isa = PBXFileReference; fileEncoding = 4; lastKnownFileType = sourcecode.cpp.cpp; name = projectile.cpp; path = "../Artillery Files/C++ Files/projectile.cpp"; sourceTree = "<group>"; };
		BC423D9727E440AC00077690 /* angle.h */ = {isa = PBXFileReference; fileEncoding = 4; lastKnownFileType = sourcecode.c.h; name = angle.h; path = "../Artillery Files/C++ Files/angle.h"; sourceTree = "<group>"; };
		BC423D9827E440AC00077690 /* lookUp.h */ = {isa = PBXFileReference; fileEncoding = 4; lastKnownFileType = sourcecode.c.h; name = lookUp.h; path = "../Artillery Files/C++ Files/lookUp.h"; sourceTree = "<group>"; };
		BC423D9927E440AC00077690 /* velocityMock.h */ = {isa = PBXFileReference; fileEncoding = 4; lastKnownFileType = sourcecode.c.h; name = velocityMock.h; path = "../Artillery Files/C++ Files/velocityMock.h"; sourceTree = "<group>"; };
		BC423D9A27E440AC00077690 /* base_lab08.cpp */ = {isa = PBXFileReference; fileEncoding = 4; lastKnownFileType = sourcecode.cpp.cpp; name = base_lab08.cpp; path = "../Artillery Files/C++ Files/base_lab08.cpp"; sourceTree = "<group>"; };
		BC423D9B27E440AC00077690 /* accelerationMock.h */ = {isa = PBXFileReference; fileEncoding = 4; lastKnownFileType = sourcecode.c.h; name = accelerationMock.h; path = "../Artillery Files/C++ Files/accelerationMock.h"; sourceTree = "<group>"; };
		BC423D9D27E440AC00077690 /* testProjectile.h */ = {isa = PBXFileReference; fileEncoding = 4; lastKnownFileType = sourcecode.c.h; name = testProjectile.h; path = "../Artillery Files/C++ Files/testProjectile.h"; sourceTree = "<group>"; };
		BC423D9E27E440AC00077690 /* vector2D.h */ = {isa = PBXFileReference; fileEncoding = 4; lastKnownFileType = sourcecode.c.h; name = vector2D.h; path = "../Artillery Files/C++ Files/vector2D.h"; sourceTree = "<group>"; };
		BC423D9F27E440AD00077690 /* testPosition.h */ = {isa = PBXFileReference; fileEncoding = 4; lastKnownFileType = sourcecode.c.h; name = testPosition.h; path = "../Artillery Files/C++ Files/testPosition.h"; sourceTree = "<group>"; };
		BC423DA027E440AD00077690 /* test.cpp */ = {isa = PBXFileReference; fileEncoding = 4; lastKnownFileType = sourcecode.cpp.cpp; name = test.cpp; path = "../Artillery Files/C++ Files/test.cpp"; sourceTree = "<group>"; };
		BC423DA127E440AD00077690 /* drag.h */ = {isa = PBXFileReference; fileEncoding = 4; lastKnownFileType = sourcecode.c.h; name = drag.h; path = "../Artillery Files/C++ Files/drag.h"; sourceTree = "<group>"; };
		BC423DB527E4444400077690 /* ground.cpp */ = {isa = PBXFileReference; lastKnownFileType = sourcecode.cpp.cpp; name = ground.cpp; path = "../Artillery Files/C++ Files/ground.cpp"; sourceTree = "<group>"; };
		BC423DB627E444C600077690 /* uiDraw.cpp */ = {isa = PBXFileReference; lastKnownFileType = sourcecode.cpp.cpp; name = uiDraw.cpp; path = "../Artillery Files/C++ Files/uiDraw.cpp"; sourceTree = "<group>"; };
		BC423DB727E444C600077690 /* uiInteract.cpp */ = {isa = PBXFileReference; lastKnownFileType = sourcecode.cpp.cpp; name = uiInteract.cpp; path = "../Artillery Files/C++ Files/uiInteract.cpp"; sourceTree = "<group>"; };
		BC423DB827E444C600077690 /* uiDraw.h */ = {isa = PBXFileReference; lastKnownFileType = sourcecode.c.h; name = uiDraw.h; path = "../Artillery Files/C++ Files/uiDraw.h"; sourceTree = "<group>"; };
		BC8854EE27EF6FD300C1C3D6 /* gravity.cpp */ = {isa = PBXFileReference; lastKnownFileType = sourcecode.cpp.cpp; name = gravity.cpp; path = "../Artillery Files/C++ Files/gravity.cpp"; sourceTree = "<group>"; };
		BC8854F127EF734A00C1C3D6 /* lookUp.cpp */ = {isa = PBXFileReference; lastKnownFileType = sourcecode.cpp.cpp; name = lookUp.cpp; path = "../Artillery Files/C++ Files/lookUp.cpp"; sourceTree = "<group>"; };
		BC8854F427EF87BC00C1C3D6 /* airDensity.cpp */ = {isa = PBXFileReference; lastKnownFileType = sourcecode.cpp.cpp; name = airDensity.cpp; path = "../Artillery Files/C++ Files/airDensity.cpp"; sourceTree = "<group>"; };
		BC8854F627EF8C3100C1C3D6 /* drag.cpp */ = {isa = PBXFileReference; lastKnownFileType = sourcecode.cpp.cpp; name = drag.cpp; path = "../Artillery Files/C++ Files/drag.cpp"; sourceTree = "<group>"; };
		BC8854F827EF8DDE00C1C3D6 /* mach.cpp */ = {isa = PBXFileReference; lastKnownFileType = sourcecode.cpp.cpp; name = mach.cpp; path = "../Artillery Files/C++ Files/mach.cpp"; sourceTree = "<group>"; };
		BC8854FD27EF9F3900C1C3D6 /* testMach.h */ = {isa = PBXFileReference; lastKnownFileType = sourcecode.c.h; name = testMach.h; path = "../Artillery Files/C++ Files/testMach.h"; sourceTree = "<group>"; };
		BCE930BB27EBD224003435B1 /* testGravity.h */ = {isa = PBXFileReference; lastKnownFileType = sourcecode.c.h; name = testGravity.h; path = "../Artillery Files/C++ Files/testGravity.h"; sourceTree = "<group>"; };
		C1D4EB262577FB0F002B56E3 /* Lab08 */ = {isa = PBXFileReference; explicitFileType = "compiled.mach-o.executable"; includeInIndex = 0; path = Lab08; sourceTree = BUILT_PRODUCTS_DIR; };
		C1D4EB462577FC25002B56E3 /* OpenGL.framework */ = {isa = PBXFileReference; lastKnownFileType = wrapper.framework; name = OpenGL.framework; path = System/Library/Frameworks/OpenGL.framework; sourceTree = SDKROOT; };
		C1D4EB472577FC25002B56E3 /* GLUT.framework */ = {isa = PBXFileReference; lastKnownFileType = wrapper.framework; name = GLUT.framework; path = System/Library/Frameworks/GLUT.framework; sourceTree = SDKROOT; };
/* End PBXFileReference section */

/* Begin PBXFrameworksBuildPhase section */
		C1D4EB232577FB0F002B56E3 /* Frameworks */ = {
			isa = PBXFrameworksBuildPhase;
			buildActionMask = 2147483647;
			files = (
				C1D4EB482577FC25002B56E3 /* OpenGL.framework in Frameworks */,
				C1D4EB492577FC25002B56E3 /* GLUT.framework in Frameworks */,
			);
			runOnlyForDeploymentPostprocessing = 0;
		};
/* End PBXFrameworksBuildPhase section */

/* Begin PBXGroup section */
		C1D4EB1D2577FB0F002B56E3 = {
			isa = PBXGroup;
			children = (
				BC423D8D27E440AC00077690 /* acceleration.h */,
				BC423D9B27E440AC00077690 /* accelerationMock.h */,
				BC8854F427EF87BC00C1C3D6 /* airDensity.cpp */,
				BC423D9527E440AC00077690 /* airDensity.h */,
				BC0BAB1327EA1B3600CD0698 /* angle.cpp */,
				BC423D9727E440AC00077690 /* angle.h */,
				BC423D8627E440AC00077690 /* angleMock.h */,
				BC423D9A27E440AC00077690 /* base_lab08.cpp */,
				BC8854F627EF8C3100C1C3D6 /* drag.cpp */,
				BC423DA127E440AD00077690 /* drag.h */,
				C1D4EB452577FC25002B56E3 /* Frameworks */,
				BC8854EE27EF6FD300C1C3D6 /* gravity.cpp */,
				BC423D9127E440AC00077690 /* gravity.h */,
				BC423DB527E4444400077690 /* ground.cpp */,
				BC423D8A27E440AC00077690 /* ground.h */,
				BC1AEA1627F558E800789A87 /* Howitzer.cpp */,
				BC1AEA1727F558E800789A87 /* howitzer.h */,
				BC1AEA2827F6428700789A87 /* key1Key2.h */,
				BC423D8B27E440AC00077690 /* Lab08Sim.cpp */,
				BC8854F127EF734A00C1C3D6 /* lookUp.cpp */,
				BC423D9827E440AC00077690 /* lookUp.h */,
				BC8854F827EF8DDE00C1C3D6 /* mach.cpp */,
				BC423D8827E440AC00077690 /* mach.h */,
				BC423D8C27E440AC00077690 /* position.cpp */,
				BC423D9027E440AC00077690 /* position.h */,
				C1D4EB272577FB0F002B56E3 /* Products */,
				BC423D9627E440AC00077690 /* projectile.cpp */,
				BC423D9327E440AC00077690 /* projectile.h */,
				BC1AEA1827F558FC00789A87 /* projectileMock.h */,
				BC1AEA1927F558FC00789A87 /* Simulator.cpp */,
				BC1AEA1A27F558FC00789A87 /* tableItem.h */,
				BC423DA027E440AD00077690 /* test.cpp */,
				BC423D8527E440AC00077690 /* test.h */,
				BC1AEA1C27F5592100789A87 /* testAcceleration.h */,
				BC146F8327F7758B00C7D557 /* testAirDensity.h */,
				BC0BAB1727EA6A0800CD0698 /* testAngle.h */,
				BC146F8527F775BE00C7D557 /* testDrag.h */,
				BCE930BB27EBD224003435B1 /* testGravity.h */,
				BC1AEA1D27F5592E00789A87 /* testHowitzer.h */,
				BC8854FD27EF9F3900C1C3D6 /* testMach.h */,
				BC423D9F27E440AD00077690 /* testPosition.h */,
				BC423D9D27E440AC00077690 /* testProjectile.h */,
				BC0BAB1A27EABBC000CD0698 /* testVector2D.h */,
				BC1AEA1E27F5593A00789A87 /* testVelocity.h */,
				BC423DB627E444C600077690 /* uiDraw.cpp */,
				BC423DB827E444C600077690 /* uiDraw.h */,
				BC423DB727E444C600077690 /* uiInteract.cpp */,
				BC423D9427E440AC00077690 /* uiInteract.h */,
				BC0BAB1427EA305700CD0698 /* vector2D.cpp */,
				BC423D9E27E440AC00077690 /* vector2D.h */,
				BC0BAB1B27EABE6100CD0698 /* vector2DMock.h */,
				BC1AEA1F27F5594800789A87 /* velocity.cpp */,
				BC423D8727E440AC00077690 /* velocity.h */,
				BC423D9927E440AC00077690 /* velocityMock.h */,
			);
			sourceTree = "<group>";
		};
		C1D4EB272577FB0F002B56E3 /* Products */ = {
			isa = PBXGroup;
			children = (
				C1D4EB262577FB0F002B56E3 /* Lab08 */,
			);
			name = Products;
			sourceTree = "<group>";
		};
		C1D4EB452577FC25002B56E3 /* Frameworks */ = {
			isa = PBXGroup;
			children = (
				C1D4EB472577FC25002B56E3 /* GLUT.framework */,
				C1D4EB462577FC25002B56E3 /* OpenGL.framework */,
			);
			name = Frameworks;
			sourceTree = "<group>";
		};
/* End PBXGroup section */

/* Begin PBXNativeTarget section */
		C1D4EB252577FB0F002B56E3 /* Lab08 */ = {
			isa = PBXNativeTarget;
			buildConfigurationList = C1D4EB2D2577FB0F002B56E3 /* Build configuration list for PBXNativeTarget "Lab08" */;
			buildPhases = (
				C1D4EB222577FB0F002B56E3 /* Sources */,
				C1D4EB232577FB0F002B56E3 /* Frameworks */,
				C1D4EB242577FB0F002B56E3 /* CopyFiles */,
			);
			buildRules = (
			);
			dependencies = (
			);
			name = Lab08;
			productName = Lab08;
			productReference = C1D4EB262577FB0F002B56E3 /* Lab08 */;
			productType = "com.apple.product-type.tool";
		};
/* End PBXNativeTarget section */

/* Begin PBXProject section */
		C1D4EB1E2577FB0F002B56E3 /* Project object */ = {
			isa = PBXProject;
			attributes = {
				LastUpgradeCheck = 1220;
				TargetAttributes = {
					C1D4EB252577FB0F002B56E3 = {
						CreatedOnToolsVersion = 12.2;
					};
				};
			};
			buildConfigurationList = C1D4EB212577FB0F002B56E3 /* Build configuration list for PBXProject "ArtillerySimulator" */;
			compatibilityVersion = "Xcode 9.3";
			developmentRegion = en;
			hasScannedForEncodings = 0;
			knownRegions = (
				en,
				Base,
			);
			mainGroup = C1D4EB1D2577FB0F002B56E3;
			productRefGroup = C1D4EB272577FB0F002B56E3 /* Products */;
			projectDirPath = "";
			projectRoot = "";
			targets = (
				C1D4EB252577FB0F002B56E3 /* Lab08 */,
			);
		};
/* End PBXProject section */

/* Begin PBXSourcesBuildPhase section */
		C1D4EB222577FB0F002B56E3 /* Sources */ = {
			isa = PBXSourcesBuildPhase;
			buildActionMask = 2147483647;
			files = (
				BC1AEA2727F55B1F00789A87 /* velocity.cpp in Sources */,
				BC1AEA2627F55B1A00789A87 /* uiInteract.cpp in Sources */,
				BC1AEA2527F55B1400789A87 /* uiDraw.cpp in Sources */,
				BC1AEA2427F55B0E00789A87 /* ground.cpp in Sources */,
				BC1AEA2327F55B0A00789A87 /* Howitzer.cpp in Sources */,
				BC1AEA2027F5598500789A87 /* Simulator.cpp in Sources */,
				BC8854F927EF8DEF00C1C3D6 /* mach.cpp in Sources */,
				BC8854F727EF8C8F00C1C3D6 /* drag.cpp in Sources */,
				BC8854F527EF87CB00C1C3D6 /* airDensity.cpp in Sources */,
				BC8854F227EF736200C1C3D6 /* lookUp.cpp in Sources */,
				BC8854F027EF702200C1C3D6 /* gravity.cpp in Sources */,
				BC83A64927ED06040026F4A8 /* vector2D.cpp in Sources */,
				BC83A64827ECF3B00026F4A8 /* angle.cpp in Sources */,
				BC423DA527E440AD00077690 /* base_lab08.cpp in Sources */,
				BC423DA327E440AD00077690 /* position.cpp in Sources */,
				BC423DA427E440AD00077690 /* projectile.cpp in Sources */,
				BC423DA727E440AD00077690 /* test.cpp in Sources */,
			);
			runOnlyForDeploymentPostprocessing = 0;
		};
/* End PBXSourcesBuildPhase section */

/* Begin XCBuildConfiguration section */
		C1D4EB2B2577FB0F002B56E3 /* Debug */ = {
			isa = XCBuildConfiguration;
			buildSettings = {
				ALWAYS_SEARCH_USER_PATHS = NO;
				CLANG_ANALYZER_NONNULL = YES;
				CLANG_ANALYZER_NUMBER_OBJECT_CONVERSION = YES_AGGRESSIVE;
				CLANG_CXX_LANGUAGE_STANDARD = "gnu++14";
				CLANG_CXX_LIBRARY = "libc++";
				CLANG_ENABLE_MODULES = YES;
				CLANG_ENABLE_OBJC_ARC = YES;
				CLANG_ENABLE_OBJC_WEAK = YES;
				CLANG_WARN_BLOCK_CAPTURE_AUTORELEASING = YES;
				CLANG_WARN_BOOL_CONVERSION = YES;
				CLANG_WARN_COMMA = YES;
				CLANG_WARN_CONSTANT_CONVERSION = YES;
				CLANG_WARN_DEPRECATED_OBJC_IMPLEMENTATIONS = YES;
				CLANG_WARN_DIRECT_OBJC_ISA_USAGE = YES_ERROR;
				CLANG_WARN_DOCUMENTATION_COMMENTS = YES;
				CLANG_WARN_EMPTY_BODY = YES;
				CLANG_WARN_ENUM_CONVERSION = YES;
				CLANG_WARN_INFINITE_RECURSION = YES;
				CLANG_WARN_INT_CONVERSION = YES;
				CLANG_WARN_NON_LITERAL_NULL_CONVERSION = YES;
				CLANG_WARN_OBJC_IMPLICIT_RETAIN_SELF = YES;
				CLANG_WARN_OBJC_LITERAL_CONVERSION = YES;
				CLANG_WARN_OBJC_ROOT_CLASS = YES_ERROR;
				CLANG_WARN_QUOTED_INCLUDE_IN_FRAMEWORK_HEADER = YES;
				CLANG_WARN_RANGE_LOOP_ANALYSIS = YES;
				CLANG_WARN_STRICT_PROTOTYPES = YES;
				CLANG_WARN_SUSPICIOUS_MOVE = YES;
				CLANG_WARN_UNGUARDED_AVAILABILITY = YES_AGGRESSIVE;
				CLANG_WARN_UNREACHABLE_CODE = YES;
				CLANG_WARN__DUPLICATE_METHOD_MATCH = YES;
				COPY_PHASE_STRIP = NO;
				DEBUG_INFORMATION_FORMAT = dwarf;
				ENABLE_STRICT_OBJC_MSGSEND = YES;
				ENABLE_TESTABILITY = YES;
				GCC_C_LANGUAGE_STANDARD = gnu11;
				GCC_DYNAMIC_NO_PIC = NO;
				GCC_NO_COMMON_BLOCKS = YES;
				GCC_OPTIMIZATION_LEVEL = 0;
				GCC_PREPROCESSOR_DEFINITIONS = (
					"DEBUG=1",
					"$(inherited)",
				);
				GCC_WARN_64_TO_32_BIT_CONVERSION = YES;
				GCC_WARN_ABOUT_RETURN_TYPE = YES_ERROR;
				GCC_WARN_UNDECLARED_SELECTOR = YES;
				GCC_WARN_UNINITIALIZED_AUTOS = YES_AGGRESSIVE;
				GCC_WARN_UNUSED_FUNCTION = YES;
				GCC_WARN_UNUSED_VARIABLE = YES;
				MACOSX_DEPLOYMENT_TARGET = 11.0;
				MTL_ENABLE_DEBUG_INFO = INCLUDE_SOURCE;
				MTL_FAST_MATH = YES;
				ONLY_ACTIVE_ARCH = YES;
				SDKROOT = macosx;
			};
			name = Debug;
		};
		C1D4EB2C2577FB0F002B56E3 /* Release */ = {
			isa = XCBuildConfiguration;
			buildSettings = {
				ALWAYS_SEARCH_USER_PATHS = NO;
				CLANG_ANALYZER_NONNULL = YES;
				CLANG_ANALYZER_NUMBER_OBJECT_CONVERSION = YES_AGGRESSIVE;
				CLANG_CXX_LANGUAGE_STANDARD = "gnu++14";
				CLANG_CXX_LIBRARY = "libc++";
				CLANG_ENABLE_MODULES = YES;
				CLANG_ENABLE_OBJC_ARC = YES;
				CLANG_ENABLE_OBJC_WEAK = YES;
				CLANG_WARN_BLOCK_CAPTURE_AUTORELEASING = YES;
				CLANG_WARN_BOOL_CONVERSION = YES;
				CLANG_WARN_COMMA = YES;
				CLANG_WARN_CONSTANT_CONVERSION = YES;
				CLANG_WARN_DEPRECATED_OBJC_IMPLEMENTATIONS = YES;
				CLANG_WARN_DIRECT_OBJC_ISA_USAGE = YES_ERROR;
				CLANG_WARN_DOCUMENTATION_COMMENTS = YES;
				CLANG_WARN_EMPTY_BODY = YES;
				CLANG_WARN_ENUM_CONVERSION = YES;
				CLANG_WARN_INFINITE_RECURSION = YES;
				CLANG_WARN_INT_CONVERSION = YES;
				CLANG_WARN_NON_LITERAL_NULL_CONVERSION = YES;
				CLANG_WARN_OBJC_IMPLICIT_RETAIN_SELF = YES;
				CLANG_WARN_OBJC_LITERAL_CONVERSION = YES;
				CLANG_WARN_OBJC_ROOT_CLASS = YES_ERROR;
				CLANG_WARN_QUOTED_INCLUDE_IN_FRAMEWORK_HEADER = YES;
				CLANG_WARN_RANGE_LOOP_ANALYSIS = YES;
				CLANG_WARN_STRICT_PROTOTYPES = YES;
				CLANG_WARN_SUSPICIOUS_MOVE = YES;
				CLANG_WARN_UNGUARDED_AVAILABILITY = YES_AGGRESSIVE;
				CLANG_WARN_UNREACHABLE_CODE = YES;
				CLANG_WARN__DUPLICATE_METHOD_MATCH = YES;
				COPY_PHASE_STRIP = NO;
				DEBUG_INFORMATION_FORMAT = "dwarf-with-dsym";
				ENABLE_NS_ASSERTIONS = NO;
				ENABLE_STRICT_OBJC_MSGSEND = YES;
				GCC_C_LANGUAGE_STANDARD = gnu11;
				GCC_NO_COMMON_BLOCKS = YES;
				GCC_WARN_64_TO_32_BIT_CONVERSION = YES;
				GCC_WARN_ABOUT_RETURN_TYPE = YES_ERROR;
				GCC_WARN_UNDECLARED_SELECTOR = YES;
				GCC_WARN_UNINITIALIZED_AUTOS = YES_AGGRESSIVE;
				GCC_WARN_UNUSED_FUNCTION = YES;
				GCC_WARN_UNUSED_VARIABLE = YES;
				MACOSX_DEPLOYMENT_TARGET = 11.0;
				MTL_ENABLE_DEBUG_INFO = NO;
				MTL_FAST_MATH = YES;
				SDKROOT = macosx;
			};
			name = Release;
		};
		C1D4EB2E2577FB0F002B56E3 /* Debug */ = {
			isa = XCBuildConfiguration;
			buildSettings = {
				CODE_SIGN_STYLE = Automatic;
				PRODUCT_NAME = "$(TARGET_NAME)";
			};
			name = Debug;
		};
		C1D4EB2F2577FB0F002B56E3 /* Release */ = {
			isa = XCBuildConfiguration;
			buildSettings = {
				CODE_SIGN_STYLE = Automatic;
				PRODUCT_NAME = "$(TARGET_NAME)";
			};
			name = Release;
		};
/* End XCBuildConfiguration section */

/* Begin XCConfigurationList section */
		C1D4EB212577FB0F002B56E3 /* Build configuration list for PBXProject "ArtillerySimulator" */ = {
			isa = XCConfigurationList;
			buildConfigurations = (
				C1D4EB2B2577FB0F002B56E3 /* Debug */,
				C1D4EB2C2577FB0F002B56E3 /* Release */,
			);
			defaultConfigurationIsVisible = 0;
			defaultConfigurationName = Release;
		};
		C1D4EB2D2577FB0F002B56E3 /* Build configuration list for PBXNativeTarget "Lab08" */ = {
			isa = XCConfigurationList;
			buildConfigurations = (
				C1D4EB2E2577FB0F002B56E3 /* Debug */,
				C1D4EB2F2577FB0F002B56E3 /* Release */,
			);
			defaultConfigurationIsVisible = 0;
			defaultConfigurationName = Release;
		};
/* End XCConfigurationList section */
	};
	rootObject = C1D4EB1E2577FB0F002B56E3 /* Project object */;
}
